
Microsoft Visual Studio Solution File, Format Version 12.00
# Visual Studio Version 17
VisualStudioVersion = 17.6.33723.286
MinimumVisualStudioVersion = 10.0.40219.1
Project("{FAE04EC0-301F-11D3-BF4B-00C04F79EFBC}") = "StasisRifleFixMod_BepInEx", "StasisRifleFixMod_BepInEx.csproj", "{D940A0E0-223F-404B-8B61-06D5C93703EE}"
EndProject
Project("{FAE04EC0-301F-11D3-BF4B-00C04F79EFBC}") = "GrappleItemPickup_BepInEx", "..\GrappleItemPickup_BepInEx\GrappleItemPickup_BepInEx.csproj", "{B7853954-5E14-4A93-BD13-C3F91D265008}"
EndProject
Project("{FAE04EC0-301F-11D3-BF4B-00C04F79EFBC}") = "GrapplingArmUpgrade_BepInEx", "..\GrapplingArmUpgrade_BepInEx\GrapplingArmUpgrade_BepInEx.csproj", "{B4251089-0EDE-4464-B7D0-2B986D5B4D73}"
EndProject
Global
	GlobalSection(SolutionConfigurationPlatforms) = preSolution
		Debug|Any CPU = Debug|Any CPU
		Release|Any CPU = Release|Any CPU
	EndGlobalSection
	GlobalSection(ProjectConfigurationPlatforms) = postSolution
		{D940A0E0-223F-404B-8B61-06D5C93703EE}.Debug|Any CPU.ActiveCfg = Debug|Any CPU
		{D940A0E0-223F-404B-8B61-06D5C93703EE}.Debug|Any CPU.Build.0 = Debug|Any CPU
		{D940A0E0-223F-404B-8B61-06D5C93703EE}.Release|Any CPU.ActiveCfg = Release|Any CPU
		{D940A0E0-223F-404B-8B61-06D5C93703EE}.Release|Any CPU.Build.0 = Release|Any CPU
		{B7853954-5E14-4A93-BD13-C3F91D265008}.Debug|Any CPU.ActiveCfg = Debug|Any CPU
		{B7853954-5E14-4A93-BD13-C3F91D265008}.Debug|Any CPU.Build.0 = Debug|Any CPU
		{B7853954-5E14-4A93-BD13-C3F91D265008}.Release|Any CPU.ActiveCfg = Release|Any CPU
		{B7853954-5E14-4A93-BD13-C3F91D265008}.Release|Any CPU.Build.0 = Release|Any CPU
		{B4251089-0EDE-4464-B7D0-2B986D5B4D73}.Debug|Any CPU.ActiveCfg = Debug|Any CPU
		{B4251089-0EDE-4464-B7D0-2B986D5B4D73}.Debug|Any CPU.Build.0 = Debug|Any CPU
		{B4251089-0EDE-4464-B7D0-2B986D5B4D73}.Release|Any CPU.ActiveCfg = Release|Any CPU
		{B4251089-0EDE-4464-B7D0-2B986D5B4D73}.Release|Any CPU.Build.0 = Release|Any CPU
	EndGlobalSection
	GlobalSection(SolutionProperties) = preSolution
		HideSolutionNode = FALSE
	EndGlobalSection
	GlobalSection(ExtensibilityGlobals) = postSolution
		SolutionGuid = {28366E49-2AAC-4461-ADF0-F6D41A586D65}
	EndGlobalSection
EndGlobal
