
Microsoft Visual Studio Solution File, Format Version 12.00
# Visual Studio Version 17
VisualStudioVersion = 17.6.33723.286
MinimumVisualStudioVersion = 10.0.40219.1
Project("{FAE04EC0-301F-11D3-BF4B-00C04F79EFBC}") = "StasisRifleFixMod_BepInEx", "StasisRifleFixMod_BepInEx.csproj", "{D940A0E0-223F-404B-8B61-06D5C93703EE}"
EndProject
Project("{FAE04EC0-301F-11D3-BF4B-00C04F79EFBC}") = "GrappleItemPickup_BepInEx", "..\GrappleItemPickup_BepInEx\GrappleItemPickup_BepInEx.csproj", "{B7853954-5E14-4A93-BD13-C3F91D265008}"
EndProject
Project("{FAE04EC0-301F-11D3-BF4B-00C04F79EFBC}") = "GrapplingArmUpgrade_BepInEx", "..\GrapplingArmUpgrade_BepInEx\GrapplingArmUpgrade_BepInEx.csproj", "{B4251089-0EDE-4464-B7D0-2B986D5B4D73}"
EndProject
Project("{D954291E-2A0B-460D-934E-DC6B0785DB48}") = "IndigocoderLib", "..\IndigocoderLib\IndigocoderLib.shproj", "{955F100E-9CAC-45DD-AC4E-AD66414D9A31}"
EndProject
Project("{FAE04EC0-301F-11D3-BF4B-00C04F79EFBC}") = "Examples", "..\Examples\Examples.csproj", "{FB3037EB-7CC8-442B-84B7-981BFC554060}"
EndProject
Project("{FAE04EC0-301F-11D3-BF4B-00C04F79EFBC}") = "TextureReplacer", "..\TextureReplacer\TextureReplacer.csproj", "{8FCD9D90-3D39-446A-8A1C-0157DD552EF3}"
EndProject
Project("{FAE04EC0-301F-11D3-BF4B-00C04F79EFBC}") = "UpgradedJumpJetModule", "..\UpgradedJumpJetModule\UpgradedJumpJetModule.csproj", "{00B7EEB5-584C-461B-BA31-7D13DF8C9CDF}"
EndProject
Project("{FAE04EC0-301F-11D3-BF4B-00C04F79EFBC}") = "WarpStabilizationSuit", "..\WarpStabilizationSuit\WarpStabilizationSuit.csproj", "{0268DA43-5BA4-4278-AA2B-75B5D3281999}"
EndProject
Project("{FAE04EC0-301F-11D3-BF4B-00C04F79EFBC}") = "MirrorMod", "..\MirrorMod\MirrorMod.csproj", "{D1179E80-FD2A-4213-9007-B7D6D7F63D7F}"
EndProject
Project("{FAE04EC0-301F-11D3-BF4B-00C04F79EFBC}") = "ImprovedGravTrap", "..\ImprovedGravTrap\ImprovedGravTrap.csproj", "{08F2B460-B3D6-44BC-9478-443FC73C8ADA}"
EndProject
Project("{FAE04EC0-301F-11D3-BF4B-00C04F79EFBC}") = "PathfinderNodeConnect", "..\PathfinderNodeConnect\PathfinderNodeConnect.csproj", "{BA668B46-F6E1-4627-8B17-758530B8D52B}"
EndProject
Project("{FAE04EC0-301F-11D3-BF4B-00C04F79EFBC}") = "HullReinforcementFix", "..\HullReinforcementFix\HullReinforcementFix.csproj", "{88A577CC-ACDD-4E1D-9C80-5942A17DBBAE}"
EndProject
Project("{FAE04EC0-301F-11D3-BF4B-00C04F79EFBC}") = "CyclopsBeaconDeployer", "..\CyclopsBeaconDeployer\CyclopsBeaconDeployer.csproj", "{EBC8C909-B5B2-46B1-88C5-E29BB6479A6B}"
EndProject
Project("{FAE04EC0-301F-11D3-BF4B-00C04F79EFBC}") = "SuitLib", "..\SuitLib\SuitLib.csproj", "{C8C370A8-4D6D-45E9-AAB1-BDB78A3B3D1B}"
EndProject
Project("{FAE04EC0-301F-11D3-BF4B-00C04F79EFBC}") = "Testing", "..\Testing\Testing.csproj", "{92D7444C-C110-4A5D-B6A7-57715FF8F8F2}"
EndProject
Project("{FAE04EC0-301F-11D3-BF4B-00C04F79EFBC}") = "SealGrapplingTurret", "..\SealGrapplingTurret\SealGrapplingTurret.csproj", "{3773E178-535B-44FB-9BB9-7DF6F0BEC1B4}"
EndProject
Project("{FAE04EC0-301F-11D3-BF4B-00C04F79EFBC}") = "TerrainEditorSensFix", "..\TerrainEditorSensFix\TerrainEditorSensFix.csproj", "{5762BF98-E17D-44D4-AF18-68480513F3CE}"
EndProject
Project("{FAE04EC0-301F-11D3-BF4B-00C04F79EFBC}") = "DevCommands", "..\DevCommands\DevCommands.csproj", "{EDA14971-4FEC-4462-9244-EEFBADD547D8}"
EndProject
Project("{FAE04EC0-301F-11D3-BF4B-00C04F79EFBC}") = "VariableGravityCannon", "..\VariableGravityCannon\VariableGravityCannon.csproj", "{6E8A3CB1-2214-47EC-9FC9-9EE0F8E5157D}"
EndProject
Project("{FAE04EC0-301F-11D3-BF4B-00C04F79EFBC}") = "ReinforcedRadiationSuit", "..\ReinforcedRadiationSuit\ReinforcedRadiationSuit.csproj", "{36EB8151-D15B-4B4C-87EE-7C2189845D17}"
EndProject
Project("{FAE04EC0-301F-11D3-BF4B-00C04F79EFBC}") = "Chameleon", "..\Chameleon\Chameleon.csproj", "{CA258A40-450B-4953-A699-1EB84F96C3DF}"
EndProject
Project("{FAE04EC0-301F-11D3-BF4B-00C04F79EFBC}") = "CustomCraftGUI", "..\CustomCraftGUI\CustomCraftGUI.csproj", "{A019D4F8-37AE-4D71-8A9E-E08F69686004}"
EndProject
Project("{FAE04EC0-301F-11D3-BF4B-00C04F79EFBC}") = "TodoList", "..\TodoList\TodoList.csproj", "{0B81C019-F41E-44AD-9FA7-018EA565D8AA}"
EndProject
Project("{2150E333-8FDC-42A3-9474-1A3956D46DE8}") = "Solution Items", "Solution Items", "{47B709C2-7F80-40CC-B611-438803A8EEA9}"
	ProjectSection(SolutionItems) = preProject
		..\TextureReplacerEditor\TextureReplacerEditor.csproj = ..\TextureReplacerEditor\TextureReplacerEditor.csproj
	EndProjectSection
EndProject
Project("{FAE04EC0-301F-11D3-BF4B-00C04F79EFBC}") = "TextureReplacerEditor", "..\TextureReplacerEditor\TextureReplacerEditor.csproj", "{8A9E0E5F-5BEC-496F-A925-719BFC255A66}"
EndProject
Project("{9A19103F-16F7-4668-BE54-9A1E7A4F7556}") = "GameObjectSpawner", "..\GameObjectSpawner\GameObjectSpawner.csproj", "{077CE10C-26CE-462A-A388-FD028D57096E}"
EndProject
Project("{FAE04EC0-301F-11D3-BF4B-00C04F79EFBC}") = "BrineUIFix", "..\BrineUIFix\BrineUIFix.csproj", "{4610FFA1-2017-4C2F-B8A1-5B9A7BF75BF6}"
EndProject
Global
	GlobalSection(SolutionConfigurationPlatforms) = preSolution
		Debug|Any CPU = Debug|Any CPU
		Release|Any CPU = Release|Any CPU
	EndGlobalSection
	GlobalSection(ProjectConfigurationPlatforms) = postSolution
		{D940A0E0-223F-404B-8B61-06D5C93703EE}.Debug|Any CPU.ActiveCfg = Debug|Any CPU
		{D940A0E0-223F-404B-8B61-06D5C93703EE}.Debug|Any CPU.Build.0 = Debug|Any CPU
		{D940A0E0-223F-404B-8B61-06D5C93703EE}.Release|Any CPU.ActiveCfg = Release|Any CPU
		{D940A0E0-223F-404B-8B61-06D5C93703EE}.Release|Any CPU.Build.0 = Release|Any CPU
		{B7853954-5E14-4A93-BD13-C3F91D265008}.Debug|Any CPU.ActiveCfg = Debug|Any CPU
		{B7853954-5E14-4A93-BD13-C3F91D265008}.Debug|Any CPU.Build.0 = Debug|Any CPU
		{B7853954-5E14-4A93-BD13-C3F91D265008}.Release|Any CPU.ActiveCfg = Release|Any CPU
		{B7853954-5E14-4A93-BD13-C3F91D265008}.Release|Any CPU.Build.0 = Release|Any CPU
		{B4251089-0EDE-4464-B7D0-2B986D5B4D73}.Debug|Any CPU.ActiveCfg = Debug|Any CPU
		{B4251089-0EDE-4464-B7D0-2B986D5B4D73}.Debug|Any CPU.Build.0 = Debug|Any CPU
		{B4251089-0EDE-4464-B7D0-2B986D5B4D73}.Release|Any CPU.ActiveCfg = Release|Any CPU
		{B4251089-0EDE-4464-B7D0-2B986D5B4D73}.Release|Any CPU.Build.0 = Release|Any CPU
		{FB3037EB-7CC8-442B-84B7-981BFC554060}.Debug|Any CPU.ActiveCfg = Debug|Any CPU
		{FB3037EB-7CC8-442B-84B7-981BFC554060}.Debug|Any CPU.Build.0 = Debug|Any CPU
		{FB3037EB-7CC8-442B-84B7-981BFC554060}.Release|Any CPU.ActiveCfg = Release|Any CPU
		{FB3037EB-7CC8-442B-84B7-981BFC554060}.Release|Any CPU.Build.0 = Release|Any CPU
		{8FCD9D90-3D39-446A-8A1C-0157DD552EF3}.Debug|Any CPU.ActiveCfg = Debug|Any CPU
		{8FCD9D90-3D39-446A-8A1C-0157DD552EF3}.Debug|Any CPU.Build.0 = Debug|Any CPU
		{8FCD9D90-3D39-446A-8A1C-0157DD552EF3}.Release|Any CPU.ActiveCfg = Release|Any CPU
		{8FCD9D90-3D39-446A-8A1C-0157DD552EF3}.Release|Any CPU.Build.0 = Release|Any CPU
		{00B7EEB5-584C-461B-BA31-7D13DF8C9CDF}.Debug|Any CPU.ActiveCfg = Debug|Any CPU
		{00B7EEB5-584C-461B-BA31-7D13DF8C9CDF}.Debug|Any CPU.Build.0 = Debug|Any CPU
		{00B7EEB5-584C-461B-BA31-7D13DF8C9CDF}.Release|Any CPU.ActiveCfg = Release|Any CPU
		{00B7EEB5-584C-461B-BA31-7D13DF8C9CDF}.Release|Any CPU.Build.0 = Release|Any CPU
		{0268DA43-5BA4-4278-AA2B-75B5D3281999}.Debug|Any CPU.ActiveCfg = Debug|Any CPU
		{0268DA43-5BA4-4278-AA2B-75B5D3281999}.Debug|Any CPU.Build.0 = Debug|Any CPU
		{0268DA43-5BA4-4278-AA2B-75B5D3281999}.Release|Any CPU.ActiveCfg = Release|Any CPU
		{0268DA43-5BA4-4278-AA2B-75B5D3281999}.Release|Any CPU.Build.0 = Release|Any CPU
		{D1179E80-FD2A-4213-9007-B7D6D7F63D7F}.Debug|Any CPU.ActiveCfg = Debug|Any CPU
		{D1179E80-FD2A-4213-9007-B7D6D7F63D7F}.Debug|Any CPU.Build.0 = Debug|Any CPU
		{D1179E80-FD2A-4213-9007-B7D6D7F63D7F}.Release|Any CPU.ActiveCfg = Release|Any CPU
		{D1179E80-FD2A-4213-9007-B7D6D7F63D7F}.Release|Any CPU.Build.0 = Release|Any CPU
		{08F2B460-B3D6-44BC-9478-443FC73C8ADA}.Debug|Any CPU.ActiveCfg = Debug|Any CPU
		{08F2B460-B3D6-44BC-9478-443FC73C8ADA}.Debug|Any CPU.Build.0 = Debug|Any CPU
		{08F2B460-B3D6-44BC-9478-443FC73C8ADA}.Release|Any CPU.ActiveCfg = Release|Any CPU
		{08F2B460-B3D6-44BC-9478-443FC73C8ADA}.Release|Any CPU.Build.0 = Release|Any CPU
		{BA668B46-F6E1-4627-8B17-758530B8D52B}.Debug|Any CPU.ActiveCfg = Debug|Any CPU
		{BA668B46-F6E1-4627-8B17-758530B8D52B}.Debug|Any CPU.Build.0 = Debug|Any CPU
		{BA668B46-F6E1-4627-8B17-758530B8D52B}.Release|Any CPU.ActiveCfg = Release|Any CPU
		{BA668B46-F6E1-4627-8B17-758530B8D52B}.Release|Any CPU.Build.0 = Release|Any CPU
		{88A577CC-ACDD-4E1D-9C80-5942A17DBBAE}.Debug|Any CPU.ActiveCfg = Debug|Any CPU
		{88A577CC-ACDD-4E1D-9C80-5942A17DBBAE}.Debug|Any CPU.Build.0 = Debug|Any CPU
		{88A577CC-ACDD-4E1D-9C80-5942A17DBBAE}.Release|Any CPU.ActiveCfg = Release|Any CPU
		{88A577CC-ACDD-4E1D-9C80-5942A17DBBAE}.Release|Any CPU.Build.0 = Release|Any CPU
		{EBC8C909-B5B2-46B1-88C5-E29BB6479A6B}.Debug|Any CPU.ActiveCfg = Debug|Any CPU
		{EBC8C909-B5B2-46B1-88C5-E29BB6479A6B}.Debug|Any CPU.Build.0 = Debug|Any CPU
		{EBC8C909-B5B2-46B1-88C5-E29BB6479A6B}.Release|Any CPU.ActiveCfg = Release|Any CPU
		{EBC8C909-B5B2-46B1-88C5-E29BB6479A6B}.Release|Any CPU.Build.0 = Release|Any CPU
		{C8C370A8-4D6D-45E9-AAB1-BDB78A3B3D1B}.Debug|Any CPU.ActiveCfg = Debug|Any CPU
		{C8C370A8-4D6D-45E9-AAB1-BDB78A3B3D1B}.Debug|Any CPU.Build.0 = Debug|Any CPU
		{C8C370A8-4D6D-45E9-AAB1-BDB78A3B3D1B}.Release|Any CPU.ActiveCfg = Release|Any CPU
		{C8C370A8-4D6D-45E9-AAB1-BDB78A3B3D1B}.Release|Any CPU.Build.0 = Release|Any CPU
		{92D7444C-C110-4A5D-B6A7-57715FF8F8F2}.Debug|Any CPU.ActiveCfg = Debug|Any CPU
		{92D7444C-C110-4A5D-B6A7-57715FF8F8F2}.Debug|Any CPU.Build.0 = Debug|Any CPU
		{92D7444C-C110-4A5D-B6A7-57715FF8F8F2}.Release|Any CPU.ActiveCfg = Release|Any CPU
		{92D7444C-C110-4A5D-B6A7-57715FF8F8F2}.Release|Any CPU.Build.0 = Release|Any CPU
		{3773E178-535B-44FB-9BB9-7DF6F0BEC1B4}.Debug|Any CPU.ActiveCfg = Debug|Any CPU
		{3773E178-535B-44FB-9BB9-7DF6F0BEC1B4}.Debug|Any CPU.Build.0 = Debug|Any CPU
		{3773E178-535B-44FB-9BB9-7DF6F0BEC1B4}.Release|Any CPU.ActiveCfg = Release|Any CPU
		{3773E178-535B-44FB-9BB9-7DF6F0BEC1B4}.Release|Any CPU.Build.0 = Release|Any CPU
		{5762BF98-E17D-44D4-AF18-68480513F3CE}.Debug|Any CPU.ActiveCfg = Debug|Any CPU
		{5762BF98-E17D-44D4-AF18-68480513F3CE}.Debug|Any CPU.Build.0 = Debug|Any CPU
		{5762BF98-E17D-44D4-AF18-68480513F3CE}.Release|Any CPU.ActiveCfg = Release|Any CPU
		{5762BF98-E17D-44D4-AF18-68480513F3CE}.Release|Any CPU.Build.0 = Release|Any CPU
		{EDA14971-4FEC-4462-9244-EEFBADD547D8}.Debug|Any CPU.ActiveCfg = Debug|Any CPU
		{EDA14971-4FEC-4462-9244-EEFBADD547D8}.Debug|Any CPU.Build.0 = Debug|Any CPU
		{EDA14971-4FEC-4462-9244-EEFBADD547D8}.Release|Any CPU.ActiveCfg = Release|Any CPU
		{EDA14971-4FEC-4462-9244-EEFBADD547D8}.Release|Any CPU.Build.0 = Release|Any CPU
		{6E8A3CB1-2214-47EC-9FC9-9EE0F8E5157D}.Debug|Any CPU.ActiveCfg = Debug|Any CPU
		{6E8A3CB1-2214-47EC-9FC9-9EE0F8E5157D}.Debug|Any CPU.Build.0 = Debug|Any CPU
		{6E8A3CB1-2214-47EC-9FC9-9EE0F8E5157D}.Release|Any CPU.ActiveCfg = Release|Any CPU
		{6E8A3CB1-2214-47EC-9FC9-9EE0F8E5157D}.Release|Any CPU.Build.0 = Release|Any CPU
		{36EB8151-D15B-4B4C-87EE-7C2189845D17}.Debug|Any CPU.ActiveCfg = Debug|Any CPU
		{36EB8151-D15B-4B4C-87EE-7C2189845D17}.Debug|Any CPU.Build.0 = Debug|Any CPU
		{36EB8151-D15B-4B4C-87EE-7C2189845D17}.Release|Any CPU.ActiveCfg = Release|Any CPU
		{36EB8151-D15B-4B4C-87EE-7C2189845D17}.Release|Any CPU.Build.0 = Release|Any CPU
		{CA258A40-450B-4953-A699-1EB84F96C3DF}.Debug|Any CPU.ActiveCfg = Debug|Any CPU
		{CA258A40-450B-4953-A699-1EB84F96C3DF}.Debug|Any CPU.Build.0 = Debug|Any CPU
		{CA258A40-450B-4953-A699-1EB84F96C3DF}.Release|Any CPU.ActiveCfg = Release|Any CPU
		{CA258A40-450B-4953-A699-1EB84F96C3DF}.Release|Any CPU.Build.0 = Release|Any CPU
		{A019D4F8-37AE-4D71-8A9E-E08F69686004}.Debug|Any CPU.ActiveCfg = Debug|Any CPU
		{A019D4F8-37AE-4D71-8A9E-E08F69686004}.Debug|Any CPU.Build.0 = Debug|Any CPU
		{A019D4F8-37AE-4D71-8A9E-E08F69686004}.Release|Any CPU.ActiveCfg = Release|Any CPU
		{A019D4F8-37AE-4D71-8A9E-E08F69686004}.Release|Any CPU.Build.0 = Release|Any CPU
		{0B81C019-F41E-44AD-9FA7-018EA565D8AA}.Debug|Any CPU.ActiveCfg = Debug|Any CPU
		{0B81C019-F41E-44AD-9FA7-018EA565D8AA}.Debug|Any CPU.Build.0 = Debug|Any CPU
		{0B81C019-F41E-44AD-9FA7-018EA565D8AA}.Release|Any CPU.ActiveCfg = Release|Any CPU
		{0B81C019-F41E-44AD-9FA7-018EA565D8AA}.Release|Any CPU.Build.0 = Release|Any CPU
		{8A9E0E5F-5BEC-496F-A925-719BFC255A66}.Debug|Any CPU.ActiveCfg = Debug|Any CPU
		{8A9E0E5F-5BEC-496F-A925-719BFC255A66}.Debug|Any CPU.Build.0 = Debug|Any CPU
		{8A9E0E5F-5BEC-496F-A925-719BFC255A66}.Release|Any CPU.ActiveCfg = Release|Any CPU
		{8A9E0E5F-5BEC-496F-A925-719BFC255A66}.Release|Any CPU.Build.0 = Release|Any CPU
		{077CE10C-26CE-462A-A388-FD028D57096E}.Debug|Any CPU.ActiveCfg = Debug|Any CPU
		{077CE10C-26CE-462A-A388-FD028D57096E}.Debug|Any CPU.Build.0 = Debug|Any CPU
		{077CE10C-26CE-462A-A388-FD028D57096E}.Release|Any CPU.ActiveCfg = Release|Any CPU
		{077CE10C-26CE-462A-A388-FD028D57096E}.Release|Any CPU.Build.0 = Release|Any CPU
		{4610FFA1-2017-4C2F-B8A1-5B9A7BF75BF6}.Debug|Any CPU.ActiveCfg = Debug|Any CPU
		{4610FFA1-2017-4C2F-B8A1-5B9A7BF75BF6}.Debug|Any CPU.Build.0 = Debug|Any CPU
		{4610FFA1-2017-4C2F-B8A1-5B9A7BF75BF6}.Release|Any CPU.ActiveCfg = Release|Any CPU
		{4610FFA1-2017-4C2F-B8A1-5B9A7BF75BF6}.Release|Any CPU.Build.0 = Release|Any CPU
	EndGlobalSection
	GlobalSection(SolutionProperties) = preSolution
		HideSolutionNode = FALSE
	EndGlobalSection
	GlobalSection(ExtensibilityGlobals) = postSolution
		SolutionGuid = {28366E49-2AAC-4461-ADF0-F6D41A586D65}
	EndGlobalSection
	GlobalSection(SharedMSBuildProjectFiles) = preSolution
		..\IndigocoderLib\IndigocoderLib.projitems*{0268da43-5ba4-4278-aa2b-75b5d3281999}*SharedItemsImports = 4
		..\IndigocoderLib\IndigocoderLib.projitems*{08f2b460-b3d6-44bc-9478-443fc73c8ada}*SharedItemsImports = 4
		..\IndigocoderLib\IndigocoderLib.projitems*{0b81c019-f41e-44ad-9fa7-018ea565d8aa}*SharedItemsImports = 4
		..\IndigocoderLib\IndigocoderLib.projitems*{36eb8151-d15b-4b4c-87ee-7c2189845d17}*SharedItemsImports = 4
		..\IndigocoderLib\IndigocoderLib.projitems*{6e8a3cb1-2214-47ec-9fc9-9ee0f8e5157d}*SharedItemsImports = 4
		..\IndigocoderLib\IndigocoderLib.projitems*{88a577cc-acdd-4e1d-9c80-5942a17dbbae}*SharedItemsImports = 4
		..\IndigocoderLib\IndigocoderLib.projitems*{8a9e0e5f-5bec-496f-a925-719bfc255a66}*SharedItemsImports = 4
		..\IndigocoderLib\IndigocoderLib.projitems*{8fcd9d90-3d39-446a-8a1c-0157dd552ef3}*SharedItemsImports = 4
		..\IndigocoderLib\IndigocoderLib.projitems*{955f100e-9cac-45dd-ac4e-ad66414d9a31}*SharedItemsImports = 13
		..\IndigocoderLib\IndigocoderLib.projitems*{b4251089-0ede-4464-b7d0-2b986d5b4d73}*SharedItemsImports = 4
		..\IndigocoderLib\IndigocoderLib.projitems*{b7853954-5e14-4a93-bd13-c3f91d265008}*SharedItemsImports = 4
		..\IndigocoderLib\IndigocoderLib.projitems*{ca258a40-450b-4953-a699-1eb84f96c3df}*SharedItemsImports = 4
		..\IndigocoderLib\IndigocoderLib.projitems*{d1179e80-fd2a-4213-9007-b7d6d7f63d7f}*SharedItemsImports = 4
		..\IndigocoderLib\IndigocoderLib.projitems*{ebc8c909-b5b2-46b1-88c5-e29bb6479a6b}*SharedItemsImports = 4
	EndGlobalSection
EndGlobal
